
Microsoft Visual Studio Solution File, Format Version 12.00
# Visual Studio Version 16
VisualStudioVersion = 16.0.31005.135
MinimumVisualStudioVersion = 10.0.40219.1
Project("{FAE04EC0-301F-11D3-BF4B-00C04F79EFBC}") = "AdventCode4", "AdventCode4\AdventCode4.csproj", "{FA08FD8D-044A-4806-90B5-555EAD2CFF61}"
EndProject
Global
	GlobalSection(SolutionConfigurationPlatforms) = preSolution
		Debug|Any CPU = Debug|Any CPU
		Release|Any CPU = Release|Any CPU
	EndGlobalSection
	GlobalSection(ProjectConfigurationPlatforms) = postSolution
		{FA08FD8D-044A-4806-90B5-555EAD2CFF61}.Debug|Any CPU.ActiveCfg = Debug|Any CPU
		{FA08FD8D-044A-4806-90B5-555EAD2CFF61}.Debug|Any CPU.Build.0 = Debug|Any CPU
		{FA08FD8D-044A-4806-90B5-555EAD2CFF61}.Release|Any CPU.ActiveCfg = Release|Any CPU
		{FA08FD8D-044A-4806-90B5-555EAD2CFF61}.Release|Any CPU.Build.0 = Release|Any CPU
	EndGlobalSection
	GlobalSection(SolutionProperties) = preSolution
		HideSolutionNode = FALSE
	EndGlobalSection
	GlobalSection(ExtensibilityGlobals) = postSolution
		SolutionGuid = {719AAD1D-E1AD-4E45-A4AC-635B39E436E2}
	EndGlobalSection
EndGlobal
